
Microsoft Visual Studio Solution File, Format Version 12.00
# Visual Studio 2013
VisualStudioVersion = 12.0.21005.1
MinimumVisualStudioVersion = 10.0.40219.1
Project("{FAE04EC0-301F-11D3-BF4B-00C04F79EFBC}") = "calculator2", "calculator\calculator2.csproj", "{54027CA3-96F1-42BA-82E2-71D6755B7575}"
EndProject
Project("{FAE04EC0-301F-11D3-BF4B-00C04F79EFBC}") = "LOGOConcentric", "ConcentricRings\LOGOConcentric.csproj", "{3B83EE94-61FF-4DD2-A2DB-CACEB37DD97A}"
EndProject
Project("{FAE04EC0-301F-11D3-BF4B-00C04F79EFBC}") = "Databindinglab", "DataBinding\Databindinglab.csproj", "{6AFEA501-7402-47C4-805D-060448961C78}"
EndProject
Project("{FAE04EC0-301F-11D3-BF4B-00C04F79EFBC}") = "Editingexaminer", "EditingExaminer\Editingexaminer.csproj", "{E076421D-5869-4FEE-9D3E-9467AE9524B6}"
EndProject
Project("{FAE04EC0-301F-11D3-BF4B-00C04F79EFBC}") = "libEditboxcontrollibrary", "ExpenseItStandalone\editboxcontrollibrary\libEditboxcontrollibrary.csproj", "{C9C67F3A-5286-44E3-9C4A-00FA405C5D4B}"
EndProject
Project("{FAE04EC0-301F-11D3-BF4B-00C04F79EFBC}") = "Expenseitstandalone", "ExpenseItStandalone\expenseitstandalone\Expenseitstandalone.csproj", "{214B2182-A8B7-42F0-8973-D62E8E677B7B}"
EndProject
Project("{FAE04EC0-301F-11D3-BF4B-00C04F79EFBC}") = "Fontdialogsample", "FontDialogBox\Fontdialogsample.csproj", "{BA5113A3-EA25-4BA3-96E1-7FB10D9201F0}"
EndProject
Project("{FAE04EC0-301F-11D3-BF4B-00C04F79EFBC}") = "Geometrydesigner", "GeometryDesigner\Geometrydesigner.csproj", "{C2FF39B5-6B7C-4FDB-B587-995D79E41D0C}"
EndProject
Project("{FAE04EC0-301F-11D3-BF4B-00C04F79EFBC}") = "calculatorGraphic", "GraphingCalculator\calculatorGraphic.csproj", "{1241B377-8BA7-4AE1-B6CD-66766348B521}"
EndProject
Project("{FAE04EC0-301F-11D3-BF4B-00C04F79EFBC}") = "3DMaterialgroups", "HexSphere\3DMaterialgroups.csproj", "{74DA1086-903C-4CDC-B506-AB6E9FB8D8F9}"
EndProject
Project("{FAE04EC0-301F-11D3-BF4B-00C04F79EFBC}") = "Layouttolayout", "LayoutToLayoutTransitions\Layouttolayout.csproj", "{73BC2B73-4133-4FDD-8ABF-9895791BC185}"
EndProject
Project("{FAE04EC0-301F-11D3-BF4B-00C04F79EFBC}") = "Logonscreen", "LogonScreen\Logonscreen.csproj", "{BC7BE5F7-7F2A-40AB-81B3-5C771D5A9970}"
EndProject
Project("{FAE04EC0-301F-11D3-BF4B-00C04F79EFBC}") = "Notepad", "Notepad\Notepad.csproj", "{1A9BBB8C-7B84-46CB-B6EC-CAACD1CABE65}"
EndProject
Project("{FAE04EC0-301F-11D3-BF4B-00C04F79EFBC}") = "PhotoFlipper", "PhotoFlipper\PhotoFlipper.csproj", "{A1C879B6-5EA2-473E-B5E0-99E2F4E5E3D0}"
EndProject
Project("{FAE04EC0-301F-11D3-BF4B-00C04F79EFBC}") = "Photodemo", "PhotoStore\Photodemo.csproj", "{E0E752D9-A1E4-4848-83EB-FB36F32C2456}"
EndProject
Project("{FAE04EC0-301F-11D3-BF4B-00C04F79EFBC}") = "Stickynotes", "StickyNotes\Stickynotes.csproj", "{B3CF90F5-CA9C-44EF-9A56-39DD40E1FB59}"
EndProject
Project("{FAE04EC0-301F-11D3-BF4B-00C04F79EFBC}") = "Videotext", "VideoText\Videotext.csproj", "{978DF927-ADB8-4088-9514-66DF51AA2088}"
EndProject
Project("{FAE04EC0-301F-11D3-BF4B-00C04F79EFBC}") = "PhotoViewer", "WPFPhotoViewer\PhotoViewer.csproj", "{02D45625-0383-4480-B4BC-05DDE4F3825D}"
EndProject
Project("{FAE04EC0-301F-11D3-BF4B-00C04F79EFBC}") = "MoveResizeRotateWithAdorners", "DiagramDesignerPart1\MoveResizeRotateWithAdorners\MoveResizeRotateWithAdorners.csproj", "{7B1D1E85-7F7B-47A8-8D5D-47BA75B29A97}"
EndProject
Project("{FAE04EC0-301F-11D3-BF4B-00C04F79EFBC}") = "MoveResize", "DiagramDesignerPart1\MoveResize\MoveResize.csproj", "{95CDC6DB-FF23-4262-8447-3CFE6B4C7188}"
EndProject
Project("{FAE04EC0-301F-11D3-BF4B-00C04F79EFBC}") = "MoveResizeRotate", "DiagramDesignerPart1\MoveResizeRotate\MoveResizeRotate.csproj", "{EF0B4258-89E8-423F-A38D-C1E8AF9FD5C3}"
EndProject
Project("{2150E333-8FDC-42A3-9474-1A3956D46DE8}") = "test", "test", "{A213C457-EE93-45EC-95FF-4646A56A2CFA}"
EndProject
Project("{2150E333-8FDC-42A3-9474-1A3956D46DE8}") = "demo", "demo", "{7C3AEB62-3EAA-4D21-8077-B67BF434F808}"
EndProject
Project("{FAE04EC0-301F-11D3-BF4B-00C04F79EFBC}") = "ShapedWPFForm", "WPFTest\ShapedWPFForm\ShapedWPFForm.csproj", "{90113148-D77E-432F-BEFF-D8F8B948679F}"
EndProject
Project("{FAE04EC0-301F-11D3-BF4B-00C04F79EFBC}") = "typeConverter", "WPFTest\TypeConverter\typeConverter.csproj", "{1713B84C-8279-4E5C-B90B-DEE51ACAECB8}"
EndProject
Project("{FAE04EC0-301F-11D3-BF4B-00C04F79EFBC}") = "PlayWithBorder", "WPFTest\PlayWithBorder\PlayWithBorder.csproj", "{9C2FC5CE-FB5E-4E5D-ABFA-8A6FBE66E4A9}"
EndProject
Project("{FAE04EC0-301F-11D3-BF4B-00C04F79EFBC}") = "my_layout", "WPFTest\my_layout\my_layout.csproj", "{3CDA8FD0-A56C-465F-B4EA-5EF5427FCCC9}"
EndProject
Project("{2150E333-8FDC-42A3-9474-1A3956D46DE8}") = "MVVM", "MVVM", "{A0F7DCC8-A589-4FBB-93A1-DAB6F4FC2DAD}"
EndProject
Project("{FAE04EC0-301F-11D3-BF4B-00C04F79EFBC}") = "MicroMvvm", "WPFTest\MVVM\MicroMvvm\MicroMvvm.csproj", "{9EFE6CBD-DF21-436E-9F81-E258BAB0B653}"
EndProject
Project("{FAE04EC0-301F-11D3-BF4B-00C04F79EFBC}") = "Example1", "WPFTest\MVVM\Example1\Example1.csproj", "{6E02EC73-FBF0-4818-A6A1-8CD46C712161}"
EndProject
Project("{FAE04EC0-301F-11D3-BF4B-00C04F79EFBC}") = "Example2", "WPFTest\MVVM\Example2\Example2.csproj", "{D156C5E9-3879-45DC-8F4B-CC71AD3AED6B}"
EndProject
Project("{FAE04EC0-301F-11D3-BF4B-00C04F79EFBC}") = "Example3", "WPFTest\MVVM\Example3\Example3.csproj", "{EDDA3935-C8BD-41CE-AB74-5E8A761A3EEA}"
EndProject
Project("{FAE04EC0-301F-11D3-BF4B-00C04F79EFBC}") = "Example4", "WPFTest\MVVM\Example4\Example4.csproj", "{F2D2A70B-344C-422D-8089-0759C21FDDCF}"
EndProject
Project("{FAE04EC0-301F-11D3-BF4B-00C04F79EFBC}") = "Example5", "WPFTest\MVVM\Example5\Example5.csproj", "{CD3EDDE0-CA14-427A-8C66-39605C5EC8D5}"
EndProject
Project("{FAE04EC0-301F-11D3-BF4B-00C04F79EFBC}") = "Example6", "WPFTest\MVVM\Example6\Example6.csproj", "{CF76D151-2EA3-4A2D-AEA3-D678633BC4EC}"
EndProject
Project("{FAE04EC0-301F-11D3-BF4B-00C04F79EFBC}") = "LayoutDemo", "WPFTest\LayoutDemo\LayoutDemo.csproj", "{6BC7E58A-A5D6-49B4-A474-7E9A2B863C5A}"
EndProject
Project("{2150E333-8FDC-42A3-9474-1A3956D46DE8}") = "customUI", "customUI", "{93B458E0-E21C-4451-84D6-DDBAF844FAB2}"
EndProject
Project("{FAE04EC0-301F-11D3-BF4B-00C04F79EFBC}") = "ClientUI", "WPFTest\customControls\c1\ClientUI\ClientUI.csproj", "{22944914-DADB-49DE-BAFB-D0DA34AFE346}"
EndProject
Project("{FAE04EC0-301F-11D3-BF4B-00C04F79EFBC}") = "CustomControls", "WPFTest\customControls\c1\CustomControls\CustomControls.csproj", "{A8FB5523-0CBF-4354-9BB7-4648382304EF}"
EndProject
Project("{FAE04EC0-301F-11D3-BF4B-00C04F79EFBC}") = "AnimationStyles", "WPFTest\AnimationStyles\AnimationStyles.csproj", "{19FBD37D-E9B3-42AC-B04E-A827D94F7694}"
EndProject
Project("{2150E333-8FDC-42A3-9474-1A3956D46DE8}") = "controls", "controls", "{D3CDB111-6D27-4A6A-82B6-5304E2D4FC4E}"
EndProject
Project("{FAE04EC0-301F-11D3-BF4B-00C04F79EFBC}") = "ListBoxListViewComboBox", "WPFTest\controls\ListView\ListBoxListViewComboBox.csproj", "{A07340F9-A59C-441F-AA85-4530E6D830AE}"
EndProject
Project("{2150E333-8FDC-42A3-9474-1A3956D46DE8}") = "CustomUI", "CustomUI", "{9DDCBC86-F70D-47EC-95AF-F12BB7F1E143}"
EndProject
Project("{FAE04EC0-301F-11D3-BF4B-00C04F79EFBC}") = "ColorPickerControl", "CumstomControls\ColorPicker\ColorPickerControl\ColorPickerControl.csproj", "{AB66735D-157A-4E5F-B5B9-63C14937C340}"
EndProject
Project("{FAE04EC0-301F-11D3-BF4B-00C04F79EFBC}") = "ColorControlApp", "CumstomControls\ColorPicker\ColorControlApp\ColorControlApp.csproj", "{026249A8-3E37-45EB-8BDF-BD2502A50C7F}"
EndProject
Project("{2150E333-8FDC-42A3-9474-1A3956D46DE8}") = "ColorPicker", "ColorPicker", "{505E08FF-1D28-438A-B14F-0A1D3873E667}"
EndProject
Project("{2150E333-8FDC-42A3-9474-1A3956D46DE8}") = "DockPanelSplitter", "DockPanelSplitter", "{32F090D8-603F-498E-A699-525C5E583852}"
EndProject
Project("{FAE04EC0-301F-11D3-BF4B-00C04F79EFBC}") = "DockPanelSplitter", "CumstomControls\DockPanelSplitter\DockPanelSplitter\DockPanelSplitter.csproj", "{60BCD395-0A26-406A-862A-615457CBFD8F}"
EndProject
Project("{FAE04EC0-301F-11D3-BF4B-00C04F79EFBC}") = "DockPanelSplitterDemo", "CumstomControls\DockPanelSplitter\DockPanelSplitterDemo\DockPanelSplitterDemo.csproj", "{8FEB70E7-4CA1-4FBF-AB36-FFF33610CA24}"
EndProject
Project("{FAE04EC0-301F-11D3-BF4B-00C04F79EFBC}") = "TemplateDemo", "CumstomControls\DockPanelSplitter\TemplateDemo\TemplateDemo.csproj", "{089A11AB-5ADE-4328-A0F6-3AFAB68BB3E6}"
EndProject
Project("{FAE04EC0-301F-11D3-BF4B-00C04F79EFBC}") = "CustomPanel", "CumstomControls\CustomPanel\CustomPanel\CustomPanel.csproj", "{3211076F-3199-49A9-A538-AFD38CB5C373}"
EndProject
Project("{2150E333-8FDC-42A3-9474-1A3956D46DE8}") = "CustomPanel", "CustomPanel", "{282ECE53-1A4A-444E-810A-916F00CED5CC}"
EndProject
Global
	GlobalSection(SolutionConfigurationPlatforms) = preSolution
		Debug|Any CPU = Debug|Any CPU
		Debug|Mixed Platforms = Debug|Mixed Platforms
		Debug|x86 = Debug|x86
		Release|Any CPU = Release|Any CPU
		Release|Mixed Platforms = Release|Mixed Platforms
		Release|x86 = Release|x86
	EndGlobalSection
	GlobalSection(ProjectConfigurationPlatforms) = postSolution
		{54027CA3-96F1-42BA-82E2-71D6755B7575}.Debug|Any CPU.ActiveCfg = Debug|Any CPU
		{54027CA3-96F1-42BA-82E2-71D6755B7575}.Debug|Any CPU.Build.0 = Debug|Any CPU
		{54027CA3-96F1-42BA-82E2-71D6755B7575}.Debug|Mixed Platforms.ActiveCfg = Debug|Any CPU
		{54027CA3-96F1-42BA-82E2-71D6755B7575}.Debug|Mixed Platforms.Build.0 = Debug|Any CPU
		{54027CA3-96F1-42BA-82E2-71D6755B7575}.Debug|x86.ActiveCfg = Debug|Any CPU
		{54027CA3-96F1-42BA-82E2-71D6755B7575}.Release|Any CPU.ActiveCfg = Release|Any CPU
		{54027CA3-96F1-42BA-82E2-71D6755B7575}.Release|Any CPU.Build.0 = Release|Any CPU
		{54027CA3-96F1-42BA-82E2-71D6755B7575}.Release|Mixed Platforms.ActiveCfg = Release|Any CPU
		{54027CA3-96F1-42BA-82E2-71D6755B7575}.Release|Mixed Platforms.Build.0 = Release|Any CPU
		{54027CA3-96F1-42BA-82E2-71D6755B7575}.Release|x86.ActiveCfg = Release|Any CPU
		{3B83EE94-61FF-4DD2-A2DB-CACEB37DD97A}.Debug|Any CPU.ActiveCfg = Debug|Any CPU
		{3B83EE94-61FF-4DD2-A2DB-CACEB37DD97A}.Debug|Any CPU.Build.0 = Debug|Any CPU
		{3B83EE94-61FF-4DD2-A2DB-CACEB37DD97A}.Debug|Mixed Platforms.ActiveCfg = Debug|Any CPU
		{3B83EE94-61FF-4DD2-A2DB-CACEB37DD97A}.Debug|Mixed Platforms.Build.0 = Debug|Any CPU
		{3B83EE94-61FF-4DD2-A2DB-CACEB37DD97A}.Debug|x86.ActiveCfg = Debug|Any CPU
		{3B83EE94-61FF-4DD2-A2DB-CACEB37DD97A}.Release|Any CPU.ActiveCfg = Release|Any CPU
		{3B83EE94-61FF-4DD2-A2DB-CACEB37DD97A}.Release|Any CPU.Build.0 = Release|Any CPU
		{3B83EE94-61FF-4DD2-A2DB-CACEB37DD97A}.Release|Mixed Platforms.ActiveCfg = Release|Any CPU
		{3B83EE94-61FF-4DD2-A2DB-CACEB37DD97A}.Release|Mixed Platforms.Build.0 = Release|Any CPU
		{3B83EE94-61FF-4DD2-A2DB-CACEB37DD97A}.Release|x86.ActiveCfg = Release|Any CPU
		{6AFEA501-7402-47C4-805D-060448961C78}.Debug|Any CPU.ActiveCfg = Debug|Any CPU
		{6AFEA501-7402-47C4-805D-060448961C78}.Debug|Any CPU.Build.0 = Debug|Any CPU
		{6AFEA501-7402-47C4-805D-060448961C78}.Debug|Mixed Platforms.ActiveCfg = Debug|Any CPU
		{6AFEA501-7402-47C4-805D-060448961C78}.Debug|Mixed Platforms.Build.0 = Debug|Any CPU
		{6AFEA501-7402-47C4-805D-060448961C78}.Debug|x86.ActiveCfg = Debug|Any CPU
		{6AFEA501-7402-47C4-805D-060448961C78}.Release|Any CPU.ActiveCfg = Release|Any CPU
		{6AFEA501-7402-47C4-805D-060448961C78}.Release|Any CPU.Build.0 = Release|Any CPU
		{6AFEA501-7402-47C4-805D-060448961C78}.Release|Mixed Platforms.ActiveCfg = Release|Any CPU
		{6AFEA501-7402-47C4-805D-060448961C78}.Release|Mixed Platforms.Build.0 = Release|Any CPU
		{6AFEA501-7402-47C4-805D-060448961C78}.Release|x86.ActiveCfg = Release|Any CPU
		{E076421D-5869-4FEE-9D3E-9467AE9524B6}.Debug|Any CPU.ActiveCfg = Debug|Any CPU
		{E076421D-5869-4FEE-9D3E-9467AE9524B6}.Debug|Any CPU.Build.0 = Debug|Any CPU
		{E076421D-5869-4FEE-9D3E-9467AE9524B6}.Debug|Mixed Platforms.ActiveCfg = Debug|Any CPU
		{E076421D-5869-4FEE-9D3E-9467AE9524B6}.Debug|Mixed Platforms.Build.0 = Debug|Any CPU
		{E076421D-5869-4FEE-9D3E-9467AE9524B6}.Debug|x86.ActiveCfg = Debug|Any CPU
		{E076421D-5869-4FEE-9D3E-9467AE9524B6}.Release|Any CPU.ActiveCfg = Release|Any CPU
		{E076421D-5869-4FEE-9D3E-9467AE9524B6}.Release|Any CPU.Build.0 = Release|Any CPU
		{E076421D-5869-4FEE-9D3E-9467AE9524B6}.Release|Mixed Platforms.ActiveCfg = Release|Any CPU
		{E076421D-5869-4FEE-9D3E-9467AE9524B6}.Release|Mixed Platforms.Build.0 = Release|Any CPU
		{E076421D-5869-4FEE-9D3E-9467AE9524B6}.Release|x86.ActiveCfg = Release|Any CPU
		{C9C67F3A-5286-44E3-9C4A-00FA405C5D4B}.Debug|Any CPU.ActiveCfg = Debug|Any CPU
		{C9C67F3A-5286-44E3-9C4A-00FA405C5D4B}.Debug|Any CPU.Build.0 = Debug|Any CPU
		{C9C67F3A-5286-44E3-9C4A-00FA405C5D4B}.Debug|Mixed Platforms.ActiveCfg = Debug|Any CPU
		{C9C67F3A-5286-44E3-9C4A-00FA405C5D4B}.Debug|Mixed Platforms.Build.0 = Debug|Any CPU
		{C9C67F3A-5286-44E3-9C4A-00FA405C5D4B}.Debug|x86.ActiveCfg = Debug|Any CPU
		{C9C67F3A-5286-44E3-9C4A-00FA405C5D4B}.Release|Any CPU.ActiveCfg = Release|Any CPU
		{C9C67F3A-5286-44E3-9C4A-00FA405C5D4B}.Release|Any CPU.Build.0 = Release|Any CPU
		{C9C67F3A-5286-44E3-9C4A-00FA405C5D4B}.Release|Mixed Platforms.ActiveCfg = Release|Any CPU
		{C9C67F3A-5286-44E3-9C4A-00FA405C5D4B}.Release|Mixed Platforms.Build.0 = Release|Any CPU
		{C9C67F3A-5286-44E3-9C4A-00FA405C5D4B}.Release|x86.ActiveCfg = Release|Any CPU
		{214B2182-A8B7-42F0-8973-D62E8E677B7B}.Debug|Any CPU.ActiveCfg = Debug|Any CPU
		{214B2182-A8B7-42F0-8973-D62E8E677B7B}.Debug|Any CPU.Build.0 = Debug|Any CPU
		{214B2182-A8B7-42F0-8973-D62E8E677B7B}.Debug|Mixed Platforms.ActiveCfg = Debug|Any CPU
		{214B2182-A8B7-42F0-8973-D62E8E677B7B}.Debug|Mixed Platforms.Build.0 = Debug|Any CPU
		{214B2182-A8B7-42F0-8973-D62E8E677B7B}.Debug|x86.ActiveCfg = Debug|Any CPU
		{214B2182-A8B7-42F0-8973-D62E8E677B7B}.Release|Any CPU.ActiveCfg = Release|Any CPU
		{214B2182-A8B7-42F0-8973-D62E8E677B7B}.Release|Any CPU.Build.0 = Release|Any CPU
		{214B2182-A8B7-42F0-8973-D62E8E677B7B}.Release|Mixed Platforms.ActiveCfg = Release|Any CPU
		{214B2182-A8B7-42F0-8973-D62E8E677B7B}.Release|Mixed Platforms.Build.0 = Release|Any CPU
		{214B2182-A8B7-42F0-8973-D62E8E677B7B}.Release|x86.ActiveCfg = Release|Any CPU
		{BA5113A3-EA25-4BA3-96E1-7FB10D9201F0}.Debug|Any CPU.ActiveCfg = Debug|Any CPU
		{BA5113A3-EA25-4BA3-96E1-7FB10D9201F0}.Debug|Any CPU.Build.0 = Debug|Any CPU
		{BA5113A3-EA25-4BA3-96E1-7FB10D9201F0}.Debug|Mixed Platforms.ActiveCfg = Debug|Any CPU
		{BA5113A3-EA25-4BA3-96E1-7FB10D9201F0}.Debug|Mixed Platforms.Build.0 = Debug|Any CPU
		{BA5113A3-EA25-4BA3-96E1-7FB10D9201F0}.Debug|x86.ActiveCfg = Debug|Any CPU
		{BA5113A3-EA25-4BA3-96E1-7FB10D9201F0}.Release|Any CPU.ActiveCfg = Release|Any CPU
		{BA5113A3-EA25-4BA3-96E1-7FB10D9201F0}.Release|Any CPU.Build.0 = Release|Any CPU
		{BA5113A3-EA25-4BA3-96E1-7FB10D9201F0}.Release|Mixed Platforms.ActiveCfg = Release|Any CPU
		{BA5113A3-EA25-4BA3-96E1-7FB10D9201F0}.Release|Mixed Platforms.Build.0 = Release|Any CPU
		{BA5113A3-EA25-4BA3-96E1-7FB10D9201F0}.Release|x86.ActiveCfg = Release|Any CPU
		{C2FF39B5-6B7C-4FDB-B587-995D79E41D0C}.Debug|Any CPU.ActiveCfg = Debug|Any CPU
		{C2FF39B5-6B7C-4FDB-B587-995D79E41D0C}.Debug|Any CPU.Build.0 = Debug|Any CPU
		{C2FF39B5-6B7C-4FDB-B587-995D79E41D0C}.Debug|Mixed Platforms.ActiveCfg = Debug|Any CPU
		{C2FF39B5-6B7C-4FDB-B587-995D79E41D0C}.Debug|Mixed Platforms.Build.0 = Debug|Any CPU
		{C2FF39B5-6B7C-4FDB-B587-995D79E41D0C}.Debug|x86.ActiveCfg = Debug|Any CPU
		{C2FF39B5-6B7C-4FDB-B587-995D79E41D0C}.Release|Any CPU.ActiveCfg = Release|Any CPU
		{C2FF39B5-6B7C-4FDB-B587-995D79E41D0C}.Release|Any CPU.Build.0 = Release|Any CPU
		{C2FF39B5-6B7C-4FDB-B587-995D79E41D0C}.Release|Mixed Platforms.ActiveCfg = Release|Any CPU
		{C2FF39B5-6B7C-4FDB-B587-995D79E41D0C}.Release|Mixed Platforms.Build.0 = Release|Any CPU
		{C2FF39B5-6B7C-4FDB-B587-995D79E41D0C}.Release|x86.ActiveCfg = Release|Any CPU
		{1241B377-8BA7-4AE1-B6CD-66766348B521}.Debug|Any CPU.ActiveCfg = Debug|Any CPU
		{1241B377-8BA7-4AE1-B6CD-66766348B521}.Debug|Any CPU.Build.0 = Debug|Any CPU
		{1241B377-8BA7-4AE1-B6CD-66766348B521}.Debug|Mixed Platforms.ActiveCfg = Debug|Any CPU
		{1241B377-8BA7-4AE1-B6CD-66766348B521}.Debug|Mixed Platforms.Build.0 = Debug|Any CPU
		{1241B377-8BA7-4AE1-B6CD-66766348B521}.Debug|x86.ActiveCfg = Debug|Any CPU
		{1241B377-8BA7-4AE1-B6CD-66766348B521}.Release|Any CPU.ActiveCfg = Release|Any CPU
		{1241B377-8BA7-4AE1-B6CD-66766348B521}.Release|Any CPU.Build.0 = Release|Any CPU
		{1241B377-8BA7-4AE1-B6CD-66766348B521}.Release|Mixed Platforms.ActiveCfg = Release|Any CPU
		{1241B377-8BA7-4AE1-B6CD-66766348B521}.Release|Mixed Platforms.Build.0 = Release|Any CPU
		{1241B377-8BA7-4AE1-B6CD-66766348B521}.Release|x86.ActiveCfg = Release|Any CPU
		{74DA1086-903C-4CDC-B506-AB6E9FB8D8F9}.Debug|Any CPU.ActiveCfg = Debug|Any CPU
		{74DA1086-903C-4CDC-B506-AB6E9FB8D8F9}.Debug|Any CPU.Build.0 = Debug|Any CPU
		{74DA1086-903C-4CDC-B506-AB6E9FB8D8F9}.Debug|Mixed Platforms.ActiveCfg = Debug|Any CPU
		{74DA1086-903C-4CDC-B506-AB6E9FB8D8F9}.Debug|Mixed Platforms.Build.0 = Debug|Any CPU
		{74DA1086-903C-4CDC-B506-AB6E9FB8D8F9}.Debug|x86.ActiveCfg = Debug|Any CPU
		{74DA1086-903C-4CDC-B506-AB6E9FB8D8F9}.Release|Any CPU.ActiveCfg = Release|Any CPU
		{74DA1086-903C-4CDC-B506-AB6E9FB8D8F9}.Release|Any CPU.Build.0 = Release|Any CPU
		{74DA1086-903C-4CDC-B506-AB6E9FB8D8F9}.Release|Mixed Platforms.ActiveCfg = Release|Any CPU
		{74DA1086-903C-4CDC-B506-AB6E9FB8D8F9}.Release|Mixed Platforms.Build.0 = Release|Any CPU
		{74DA1086-903C-4CDC-B506-AB6E9FB8D8F9}.Release|x86.ActiveCfg = Release|Any CPU
		{73BC2B73-4133-4FDD-8ABF-9895791BC185}.Debug|Any CPU.ActiveCfg = Debug|Any CPU
		{73BC2B73-4133-4FDD-8ABF-9895791BC185}.Debug|Any CPU.Build.0 = Debug|Any CPU
		{73BC2B73-4133-4FDD-8ABF-9895791BC185}.Debug|Mixed Platforms.ActiveCfg = Debug|Any CPU
		{73BC2B73-4133-4FDD-8ABF-9895791BC185}.Debug|Mixed Platforms.Build.0 = Debug|Any CPU
		{73BC2B73-4133-4FDD-8ABF-9895791BC185}.Debug|x86.ActiveCfg = Debug|Any CPU
		{73BC2B73-4133-4FDD-8ABF-9895791BC185}.Release|Any CPU.ActiveCfg = Release|Any CPU
		{73BC2B73-4133-4FDD-8ABF-9895791BC185}.Release|Any CPU.Build.0 = Release|Any CPU
		{73BC2B73-4133-4FDD-8ABF-9895791BC185}.Release|Mixed Platforms.ActiveCfg = Release|Any CPU
		{73BC2B73-4133-4FDD-8ABF-9895791BC185}.Release|Mixed Platforms.Build.0 = Release|Any CPU
		{73BC2B73-4133-4FDD-8ABF-9895791BC185}.Release|x86.ActiveCfg = Release|Any CPU
		{BC7BE5F7-7F2A-40AB-81B3-5C771D5A9970}.Debug|Any CPU.ActiveCfg = Debug|Any CPU
		{BC7BE5F7-7F2A-40AB-81B3-5C771D5A9970}.Debug|Any CPU.Build.0 = Debug|Any CPU
		{BC7BE5F7-7F2A-40AB-81B3-5C771D5A9970}.Debug|Mixed Platforms.ActiveCfg = Debug|Any CPU
		{BC7BE5F7-7F2A-40AB-81B3-5C771D5A9970}.Debug|Mixed Platforms.Build.0 = Debug|Any CPU
		{BC7BE5F7-7F2A-40AB-81B3-5C771D5A9970}.Debug|x86.ActiveCfg = Debug|Any CPU
		{BC7BE5F7-7F2A-40AB-81B3-5C771D5A9970}.Release|Any CPU.ActiveCfg = Release|Any CPU
		{BC7BE5F7-7F2A-40AB-81B3-5C771D5A9970}.Release|Any CPU.Build.0 = Release|Any CPU
		{BC7BE5F7-7F2A-40AB-81B3-5C771D5A9970}.Release|Mixed Platforms.ActiveCfg = Release|Any CPU
		{BC7BE5F7-7F2A-40AB-81B3-5C771D5A9970}.Release|Mixed Platforms.Build.0 = Release|Any CPU
		{BC7BE5F7-7F2A-40AB-81B3-5C771D5A9970}.Release|x86.ActiveCfg = Release|Any CPU
		{1A9BBB8C-7B84-46CB-B6EC-CAACD1CABE65}.Debug|Any CPU.ActiveCfg = Debug|Any CPU
		{1A9BBB8C-7B84-46CB-B6EC-CAACD1CABE65}.Debug|Any CPU.Build.0 = Debug|Any CPU
		{1A9BBB8C-7B84-46CB-B6EC-CAACD1CABE65}.Debug|Mixed Platforms.ActiveCfg = Debug|Any CPU
		{1A9BBB8C-7B84-46CB-B6EC-CAACD1CABE65}.Debug|Mixed Platforms.Build.0 = Debug|Any CPU
		{1A9BBB8C-7B84-46CB-B6EC-CAACD1CABE65}.Debug|x86.ActiveCfg = Debug|Any CPU
		{1A9BBB8C-7B84-46CB-B6EC-CAACD1CABE65}.Release|Any CPU.ActiveCfg = Release|Any CPU
		{1A9BBB8C-7B84-46CB-B6EC-CAACD1CABE65}.Release|Any CPU.Build.0 = Release|Any CPU
		{1A9BBB8C-7B84-46CB-B6EC-CAACD1CABE65}.Release|Mixed Platforms.ActiveCfg = Release|Any CPU
		{1A9BBB8C-7B84-46CB-B6EC-CAACD1CABE65}.Release|Mixed Platforms.Build.0 = Release|Any CPU
		{1A9BBB8C-7B84-46CB-B6EC-CAACD1CABE65}.Release|x86.ActiveCfg = Release|Any CPU
		{A1C879B6-5EA2-473E-B5E0-99E2F4E5E3D0}.Debug|Any CPU.ActiveCfg = Debug|Any CPU
		{A1C879B6-5EA2-473E-B5E0-99E2F4E5E3D0}.Debug|Any CPU.Build.0 = Debug|Any CPU
		{A1C879B6-5EA2-473E-B5E0-99E2F4E5E3D0}.Debug|Mixed Platforms.ActiveCfg = Debug|Any CPU
		{A1C879B6-5EA2-473E-B5E0-99E2F4E5E3D0}.Debug|Mixed Platforms.Build.0 = Debug|Any CPU
		{A1C879B6-5EA2-473E-B5E0-99E2F4E5E3D0}.Debug|x86.ActiveCfg = Debug|Any CPU
		{A1C879B6-5EA2-473E-B5E0-99E2F4E5E3D0}.Release|Any CPU.ActiveCfg = Release|Any CPU
		{A1C879B6-5EA2-473E-B5E0-99E2F4E5E3D0}.Release|Any CPU.Build.0 = Release|Any CPU
		{A1C879B6-5EA2-473E-B5E0-99E2F4E5E3D0}.Release|Mixed Platforms.ActiveCfg = Release|Any CPU
		{A1C879B6-5EA2-473E-B5E0-99E2F4E5E3D0}.Release|Mixed Platforms.Build.0 = Release|Any CPU
		{A1C879B6-5EA2-473E-B5E0-99E2F4E5E3D0}.Release|x86.ActiveCfg = Release|Any CPU
		{E0E752D9-A1E4-4848-83EB-FB36F32C2456}.Debug|Any CPU.ActiveCfg = Debug|Any CPU
		{E0E752D9-A1E4-4848-83EB-FB36F32C2456}.Debug|Any CPU.Build.0 = Debug|Any CPU
		{E0E752D9-A1E4-4848-83EB-FB36F32C2456}.Debug|Mixed Platforms.ActiveCfg = Debug|Any CPU
		{E0E752D9-A1E4-4848-83EB-FB36F32C2456}.Debug|Mixed Platforms.Build.0 = Debug|Any CPU
		{E0E752D9-A1E4-4848-83EB-FB36F32C2456}.Debug|x86.ActiveCfg = Debug|Any CPU
		{E0E752D9-A1E4-4848-83EB-FB36F32C2456}.Release|Any CPU.ActiveCfg = Release|Any CPU
		{E0E752D9-A1E4-4848-83EB-FB36F32C2456}.Release|Any CPU.Build.0 = Release|Any CPU
		{E0E752D9-A1E4-4848-83EB-FB36F32C2456}.Release|Mixed Platforms.ActiveCfg = Release|Any CPU
		{E0E752D9-A1E4-4848-83EB-FB36F32C2456}.Release|Mixed Platforms.Build.0 = Release|Any CPU
		{E0E752D9-A1E4-4848-83EB-FB36F32C2456}.Release|x86.ActiveCfg = Release|Any CPU
		{B3CF90F5-CA9C-44EF-9A56-39DD40E1FB59}.Debug|Any CPU.ActiveCfg = Debug|Any CPU
		{B3CF90F5-CA9C-44EF-9A56-39DD40E1FB59}.Debug|Any CPU.Build.0 = Debug|Any CPU
		{B3CF90F5-CA9C-44EF-9A56-39DD40E1FB59}.Debug|Mixed Platforms.ActiveCfg = Debug|Any CPU
		{B3CF90F5-CA9C-44EF-9A56-39DD40E1FB59}.Debug|Mixed Platforms.Build.0 = Debug|Any CPU
		{B3CF90F5-CA9C-44EF-9A56-39DD40E1FB59}.Debug|x86.ActiveCfg = Debug|Any CPU
		{B3CF90F5-CA9C-44EF-9A56-39DD40E1FB59}.Release|Any CPU.ActiveCfg = Release|Any CPU
		{B3CF90F5-CA9C-44EF-9A56-39DD40E1FB59}.Release|Any CPU.Build.0 = Release|Any CPU
		{B3CF90F5-CA9C-44EF-9A56-39DD40E1FB59}.Release|Mixed Platforms.ActiveCfg = Release|Any CPU
		{B3CF90F5-CA9C-44EF-9A56-39DD40E1FB59}.Release|Mixed Platforms.Build.0 = Release|Any CPU
		{B3CF90F5-CA9C-44EF-9A56-39DD40E1FB59}.Release|x86.ActiveCfg = Release|Any CPU
		{978DF927-ADB8-4088-9514-66DF51AA2088}.Debug|Any CPU.ActiveCfg = Debug|Any CPU
		{978DF927-ADB8-4088-9514-66DF51AA2088}.Debug|Any CPU.Build.0 = Debug|Any CPU
		{978DF927-ADB8-4088-9514-66DF51AA2088}.Debug|Mixed Platforms.ActiveCfg = Debug|Any CPU
		{978DF927-ADB8-4088-9514-66DF51AA2088}.Debug|Mixed Platforms.Build.0 = Debug|Any CPU
		{978DF927-ADB8-4088-9514-66DF51AA2088}.Debug|x86.ActiveCfg = Debug|Any CPU
		{978DF927-ADB8-4088-9514-66DF51AA2088}.Release|Any CPU.ActiveCfg = Release|Any CPU
		{978DF927-ADB8-4088-9514-66DF51AA2088}.Release|Any CPU.Build.0 = Release|Any CPU
		{978DF927-ADB8-4088-9514-66DF51AA2088}.Release|Mixed Platforms.ActiveCfg = Release|Any CPU
		{978DF927-ADB8-4088-9514-66DF51AA2088}.Release|Mixed Platforms.Build.0 = Release|Any CPU
		{978DF927-ADB8-4088-9514-66DF51AA2088}.Release|x86.ActiveCfg = Release|Any CPU
		{02D45625-0383-4480-B4BC-05DDE4F3825D}.Debug|Any CPU.ActiveCfg = Debug|Any CPU
		{02D45625-0383-4480-B4BC-05DDE4F3825D}.Debug|Any CPU.Build.0 = Debug|Any CPU
		{02D45625-0383-4480-B4BC-05DDE4F3825D}.Debug|Mixed Platforms.ActiveCfg = Debug|Any CPU
		{02D45625-0383-4480-B4BC-05DDE4F3825D}.Debug|Mixed Platforms.Build.0 = Debug|Any CPU
		{02D45625-0383-4480-B4BC-05DDE4F3825D}.Debug|x86.ActiveCfg = Debug|Any CPU
		{02D45625-0383-4480-B4BC-05DDE4F3825D}.Release|Any CPU.ActiveCfg = Release|Any CPU
		{02D45625-0383-4480-B4BC-05DDE4F3825D}.Release|Any CPU.Build.0 = Release|Any CPU
		{02D45625-0383-4480-B4BC-05DDE4F3825D}.Release|Mixed Platforms.ActiveCfg = Release|Any CPU
		{02D45625-0383-4480-B4BC-05DDE4F3825D}.Release|Mixed Platforms.Build.0 = Release|Any CPU
		{02D45625-0383-4480-B4BC-05DDE4F3825D}.Release|x86.ActiveCfg = Release|Any CPU
		{7B1D1E85-7F7B-47A8-8D5D-47BA75B29A97}.Debug|Any CPU.ActiveCfg = Debug|Any CPU
		{7B1D1E85-7F7B-47A8-8D5D-47BA75B29A97}.Debug|Any CPU.Build.0 = Debug|Any CPU
		{7B1D1E85-7F7B-47A8-8D5D-47BA75B29A97}.Debug|Mixed Platforms.ActiveCfg = Debug|Any CPU
		{7B1D1E85-7F7B-47A8-8D5D-47BA75B29A97}.Debug|Mixed Platforms.Build.0 = Debug|Any CPU
		{7B1D1E85-7F7B-47A8-8D5D-47BA75B29A97}.Debug|x86.ActiveCfg = Debug|Any CPU
		{7B1D1E85-7F7B-47A8-8D5D-47BA75B29A97}.Release|Any CPU.ActiveCfg = Release|Any CPU
		{7B1D1E85-7F7B-47A8-8D5D-47BA75B29A97}.Release|Any CPU.Build.0 = Release|Any CPU
		{7B1D1E85-7F7B-47A8-8D5D-47BA75B29A97}.Release|Mixed Platforms.ActiveCfg = Release|Any CPU
		{7B1D1E85-7F7B-47A8-8D5D-47BA75B29A97}.Release|Mixed Platforms.Build.0 = Release|Any CPU
		{7B1D1E85-7F7B-47A8-8D5D-47BA75B29A97}.Release|x86.ActiveCfg = Release|Any CPU
		{95CDC6DB-FF23-4262-8447-3CFE6B4C7188}.Debug|Any CPU.ActiveCfg = Debug|Any CPU
		{95CDC6DB-FF23-4262-8447-3CFE6B4C7188}.Debug|Any CPU.Build.0 = Debug|Any CPU
		{95CDC6DB-FF23-4262-8447-3CFE6B4C7188}.Debug|Mixed Platforms.ActiveCfg = Debug|Any CPU
		{95CDC6DB-FF23-4262-8447-3CFE6B4C7188}.Debug|Mixed Platforms.Build.0 = Debug|Any CPU
		{95CDC6DB-FF23-4262-8447-3CFE6B4C7188}.Debug|x86.ActiveCfg = Debug|Any CPU
		{95CDC6DB-FF23-4262-8447-3CFE6B4C7188}.Release|Any CPU.ActiveCfg = Release|Any CPU
		{95CDC6DB-FF23-4262-8447-3CFE6B4C7188}.Release|Any CPU.Build.0 = Release|Any CPU
		{95CDC6DB-FF23-4262-8447-3CFE6B4C7188}.Release|Mixed Platforms.ActiveCfg = Release|Any CPU
		{95CDC6DB-FF23-4262-8447-3CFE6B4C7188}.Release|Mixed Platforms.Build.0 = Release|Any CPU
		{95CDC6DB-FF23-4262-8447-3CFE6B4C7188}.Release|x86.ActiveCfg = Release|Any CPU
		{EF0B4258-89E8-423F-A38D-C1E8AF9FD5C3}.Debug|Any CPU.ActiveCfg = Debug|Any CPU
		{EF0B4258-89E8-423F-A38D-C1E8AF9FD5C3}.Debug|Any CPU.Build.0 = Debug|Any CPU
		{EF0B4258-89E8-423F-A38D-C1E8AF9FD5C3}.Debug|Mixed Platforms.ActiveCfg = Debug|Any CPU
		{EF0B4258-89E8-423F-A38D-C1E8AF9FD5C3}.Debug|Mixed Platforms.Build.0 = Debug|Any CPU
		{EF0B4258-89E8-423F-A38D-C1E8AF9FD5C3}.Debug|x86.ActiveCfg = Debug|Any CPU
		{EF0B4258-89E8-423F-A38D-C1E8AF9FD5C3}.Release|Any CPU.ActiveCfg = Release|Any CPU
		{EF0B4258-89E8-423F-A38D-C1E8AF9FD5C3}.Release|Any CPU.Build.0 = Release|Any CPU
		{EF0B4258-89E8-423F-A38D-C1E8AF9FD5C3}.Release|Mixed Platforms.ActiveCfg = Release|Any CPU
		{EF0B4258-89E8-423F-A38D-C1E8AF9FD5C3}.Release|Mixed Platforms.Build.0 = Release|Any CPU
		{EF0B4258-89E8-423F-A38D-C1E8AF9FD5C3}.Release|x86.ActiveCfg = Release|Any CPU
		{90113148-D77E-432F-BEFF-D8F8B948679F}.Debug|Any CPU.ActiveCfg = Debug|Any CPU
		{90113148-D77E-432F-BEFF-D8F8B948679F}.Debug|Any CPU.Build.0 = Debug|Any CPU
		{90113148-D77E-432F-BEFF-D8F8B948679F}.Debug|Mixed Platforms.ActiveCfg = Debug|Any CPU
		{90113148-D77E-432F-BEFF-D8F8B948679F}.Debug|Mixed Platforms.Build.0 = Debug|Any CPU
		{90113148-D77E-432F-BEFF-D8F8B948679F}.Debug|x86.ActiveCfg = Debug|Any CPU
		{90113148-D77E-432F-BEFF-D8F8B948679F}.Release|Any CPU.ActiveCfg = Release|Any CPU
		{90113148-D77E-432F-BEFF-D8F8B948679F}.Release|Any CPU.Build.0 = Release|Any CPU
		{90113148-D77E-432F-BEFF-D8F8B948679F}.Release|Mixed Platforms.ActiveCfg = Release|Any CPU
		{90113148-D77E-432F-BEFF-D8F8B948679F}.Release|Mixed Platforms.Build.0 = Release|Any CPU
		{90113148-D77E-432F-BEFF-D8F8B948679F}.Release|x86.ActiveCfg = Release|Any CPU
		{1713B84C-8279-4E5C-B90B-DEE51ACAECB8}.Debug|Any CPU.ActiveCfg = Debug|Any CPU
		{1713B84C-8279-4E5C-B90B-DEE51ACAECB8}.Debug|Any CPU.Build.0 = Debug|Any CPU
		{1713B84C-8279-4E5C-B90B-DEE51ACAECB8}.Debug|Mixed Platforms.ActiveCfg = Debug|Any CPU
		{1713B84C-8279-4E5C-B90B-DEE51ACAECB8}.Debug|Mixed Platforms.Build.0 = Debug|Any CPU
		{1713B84C-8279-4E5C-B90B-DEE51ACAECB8}.Debug|x86.ActiveCfg = Debug|Any CPU
		{1713B84C-8279-4E5C-B90B-DEE51ACAECB8}.Release|Any CPU.ActiveCfg = Release|Any CPU
		{1713B84C-8279-4E5C-B90B-DEE51ACAECB8}.Release|Any CPU.Build.0 = Release|Any CPU
		{1713B84C-8279-4E5C-B90B-DEE51ACAECB8}.Release|Mixed Platforms.ActiveCfg = Release|Any CPU
		{1713B84C-8279-4E5C-B90B-DEE51ACAECB8}.Release|Mixed Platforms.Build.0 = Release|Any CPU
		{1713B84C-8279-4E5C-B90B-DEE51ACAECB8}.Release|x86.ActiveCfg = Release|Any CPU
		{9C2FC5CE-FB5E-4E5D-ABFA-8A6FBE66E4A9}.Debug|Any CPU.ActiveCfg = Debug|Any CPU
		{9C2FC5CE-FB5E-4E5D-ABFA-8A6FBE66E4A9}.Debug|Any CPU.Build.0 = Debug|Any CPU
		{9C2FC5CE-FB5E-4E5D-ABFA-8A6FBE66E4A9}.Debug|Mixed Platforms.ActiveCfg = Debug|Any CPU
		{9C2FC5CE-FB5E-4E5D-ABFA-8A6FBE66E4A9}.Debug|Mixed Platforms.Build.0 = Debug|Any CPU
		{9C2FC5CE-FB5E-4E5D-ABFA-8A6FBE66E4A9}.Debug|x86.ActiveCfg = Debug|Any CPU
		{9C2FC5CE-FB5E-4E5D-ABFA-8A6FBE66E4A9}.Release|Any CPU.ActiveCfg = Release|Any CPU
		{9C2FC5CE-FB5E-4E5D-ABFA-8A6FBE66E4A9}.Release|Any CPU.Build.0 = Release|Any CPU
		{9C2FC5CE-FB5E-4E5D-ABFA-8A6FBE66E4A9}.Release|Mixed Platforms.ActiveCfg = Release|Any CPU
		{9C2FC5CE-FB5E-4E5D-ABFA-8A6FBE66E4A9}.Release|Mixed Platforms.Build.0 = Release|Any CPU
		{9C2FC5CE-FB5E-4E5D-ABFA-8A6FBE66E4A9}.Release|x86.ActiveCfg = Release|Any CPU
		{3CDA8FD0-A56C-465F-B4EA-5EF5427FCCC9}.Debug|Any CPU.ActiveCfg = Debug|Any CPU
		{3CDA8FD0-A56C-465F-B4EA-5EF5427FCCC9}.Debug|Any CPU.Build.0 = Debug|Any CPU
		{3CDA8FD0-A56C-465F-B4EA-5EF5427FCCC9}.Debug|Mixed Platforms.ActiveCfg = Debug|Any CPU
		{3CDA8FD0-A56C-465F-B4EA-5EF5427FCCC9}.Debug|Mixed Platforms.Build.0 = Debug|Any CPU
		{3CDA8FD0-A56C-465F-B4EA-5EF5427FCCC9}.Debug|x86.ActiveCfg = Debug|Any CPU
		{3CDA8FD0-A56C-465F-B4EA-5EF5427FCCC9}.Release|Any CPU.ActiveCfg = Release|Any CPU
		{3CDA8FD0-A56C-465F-B4EA-5EF5427FCCC9}.Release|Any CPU.Build.0 = Release|Any CPU
		{3CDA8FD0-A56C-465F-B4EA-5EF5427FCCC9}.Release|Mixed Platforms.ActiveCfg = Release|Any CPU
		{3CDA8FD0-A56C-465F-B4EA-5EF5427FCCC9}.Release|Mixed Platforms.Build.0 = Release|Any CPU
		{3CDA8FD0-A56C-465F-B4EA-5EF5427FCCC9}.Release|x86.ActiveCfg = Release|Any CPU
		{9EFE6CBD-DF21-436E-9F81-E258BAB0B653}.Debug|Any CPU.ActiveCfg = Debug|Any CPU
		{9EFE6CBD-DF21-436E-9F81-E258BAB0B653}.Debug|Any CPU.Build.0 = Debug|Any CPU
		{9EFE6CBD-DF21-436E-9F81-E258BAB0B653}.Debug|Mixed Platforms.ActiveCfg = Debug|Any CPU
		{9EFE6CBD-DF21-436E-9F81-E258BAB0B653}.Debug|Mixed Platforms.Build.0 = Debug|Any CPU
		{9EFE6CBD-DF21-436E-9F81-E258BAB0B653}.Debug|x86.ActiveCfg = Debug|Any CPU
		{9EFE6CBD-DF21-436E-9F81-E258BAB0B653}.Release|Any CPU.ActiveCfg = Release|Any CPU
		{9EFE6CBD-DF21-436E-9F81-E258BAB0B653}.Release|Any CPU.Build.0 = Release|Any CPU
		{9EFE6CBD-DF21-436E-9F81-E258BAB0B653}.Release|Mixed Platforms.ActiveCfg = Release|Any CPU
		{9EFE6CBD-DF21-436E-9F81-E258BAB0B653}.Release|Mixed Platforms.Build.0 = Release|Any CPU
		{9EFE6CBD-DF21-436E-9F81-E258BAB0B653}.Release|x86.ActiveCfg = Release|Any CPU
		{6E02EC73-FBF0-4818-A6A1-8CD46C712161}.Debug|Any CPU.ActiveCfg = Debug|x86
		{6E02EC73-FBF0-4818-A6A1-8CD46C712161}.Debug|Mixed Platforms.ActiveCfg = Debug|x86
		{6E02EC73-FBF0-4818-A6A1-8CD46C712161}.Debug|Mixed Platforms.Build.0 = Debug|x86
		{6E02EC73-FBF0-4818-A6A1-8CD46C712161}.Debug|x86.ActiveCfg = Debug|x86
		{6E02EC73-FBF0-4818-A6A1-8CD46C712161}.Debug|x86.Build.0 = Debug|x86
		{6E02EC73-FBF0-4818-A6A1-8CD46C712161}.Release|Any CPU.ActiveCfg = Release|x86
		{6E02EC73-FBF0-4818-A6A1-8CD46C712161}.Release|Mixed Platforms.ActiveCfg = Release|x86
		{6E02EC73-FBF0-4818-A6A1-8CD46C712161}.Release|Mixed Platforms.Build.0 = Release|x86
		{6E02EC73-FBF0-4818-A6A1-8CD46C712161}.Release|x86.ActiveCfg = Release|x86
		{6E02EC73-FBF0-4818-A6A1-8CD46C712161}.Release|x86.Build.0 = Release|x86
		{D156C5E9-3879-45DC-8F4B-CC71AD3AED6B}.Debug|Any CPU.ActiveCfg = Debug|x86
		{D156C5E9-3879-45DC-8F4B-CC71AD3AED6B}.Debug|Mixed Platforms.ActiveCfg = Debug|x86
		{D156C5E9-3879-45DC-8F4B-CC71AD3AED6B}.Debug|Mixed Platforms.Build.0 = Debug|x86
		{D156C5E9-3879-45DC-8F4B-CC71AD3AED6B}.Debug|x86.ActiveCfg = Debug|x86
		{D156C5E9-3879-45DC-8F4B-CC71AD3AED6B}.Debug|x86.Build.0 = Debug|x86
		{D156C5E9-3879-45DC-8F4B-CC71AD3AED6B}.Release|Any CPU.ActiveCfg = Release|x86
		{D156C5E9-3879-45DC-8F4B-CC71AD3AED6B}.Release|Mixed Platforms.ActiveCfg = Release|x86
		{D156C5E9-3879-45DC-8F4B-CC71AD3AED6B}.Release|Mixed Platforms.Build.0 = Release|x86
		{D156C5E9-3879-45DC-8F4B-CC71AD3AED6B}.Release|x86.ActiveCfg = Release|x86
		{D156C5E9-3879-45DC-8F4B-CC71AD3AED6B}.Release|x86.Build.0 = Release|x86
		{EDDA3935-C8BD-41CE-AB74-5E8A761A3EEA}.Debug|Any CPU.ActiveCfg = Debug|x86
		{EDDA3935-C8BD-41CE-AB74-5E8A761A3EEA}.Debug|Mixed Platforms.ActiveCfg = Debug|x86
		{EDDA3935-C8BD-41CE-AB74-5E8A761A3EEA}.Debug|Mixed Platforms.Build.0 = Debug|x86
		{EDDA3935-C8BD-41CE-AB74-5E8A761A3EEA}.Debug|x86.ActiveCfg = Debug|x86
		{EDDA3935-C8BD-41CE-AB74-5E8A761A3EEA}.Debug|x86.Build.0 = Debug|x86
		{EDDA3935-C8BD-41CE-AB74-5E8A761A3EEA}.Release|Any CPU.ActiveCfg = Release|x86
		{EDDA3935-C8BD-41CE-AB74-5E8A761A3EEA}.Release|Mixed Platforms.ActiveCfg = Release|x86
		{EDDA3935-C8BD-41CE-AB74-5E8A761A3EEA}.Release|Mixed Platforms.Build.0 = Release|x86
		{EDDA3935-C8BD-41CE-AB74-5E8A761A3EEA}.Release|x86.ActiveCfg = Release|x86
		{EDDA3935-C8BD-41CE-AB74-5E8A761A3EEA}.Release|x86.Build.0 = Release|x86
		{F2D2A70B-344C-422D-8089-0759C21FDDCF}.Debug|Any CPU.ActiveCfg = Debug|x86
		{F2D2A70B-344C-422D-8089-0759C21FDDCF}.Debug|Mixed Platforms.ActiveCfg = Debug|x86
		{F2D2A70B-344C-422D-8089-0759C21FDDCF}.Debug|Mixed Platforms.Build.0 = Debug|x86
		{F2D2A70B-344C-422D-8089-0759C21FDDCF}.Debug|x86.ActiveCfg = Debug|x86
		{F2D2A70B-344C-422D-8089-0759C21FDDCF}.Debug|x86.Build.0 = Debug|x86
		{F2D2A70B-344C-422D-8089-0759C21FDDCF}.Release|Any CPU.ActiveCfg = Release|x86
		{F2D2A70B-344C-422D-8089-0759C21FDDCF}.Release|Mixed Platforms.ActiveCfg = Release|x86
		{F2D2A70B-344C-422D-8089-0759C21FDDCF}.Release|Mixed Platforms.Build.0 = Release|x86
		{F2D2A70B-344C-422D-8089-0759C21FDDCF}.Release|x86.ActiveCfg = Release|x86
		{F2D2A70B-344C-422D-8089-0759C21FDDCF}.Release|x86.Build.0 = Release|x86
		{CD3EDDE0-CA14-427A-8C66-39605C5EC8D5}.Debug|Any CPU.ActiveCfg = Debug|x86
		{CD3EDDE0-CA14-427A-8C66-39605C5EC8D5}.Debug|Mixed Platforms.ActiveCfg = Debug|x86
		{CD3EDDE0-CA14-427A-8C66-39605C5EC8D5}.Debug|Mixed Platforms.Build.0 = Debug|x86
		{CD3EDDE0-CA14-427A-8C66-39605C5EC8D5}.Debug|x86.ActiveCfg = Debug|x86
		{CD3EDDE0-CA14-427A-8C66-39605C5EC8D5}.Debug|x86.Build.0 = Debug|x86
		{CD3EDDE0-CA14-427A-8C66-39605C5EC8D5}.Release|Any CPU.ActiveCfg = Release|x86
		{CD3EDDE0-CA14-427A-8C66-39605C5EC8D5}.Release|Mixed Platforms.ActiveCfg = Release|x86
		{CD3EDDE0-CA14-427A-8C66-39605C5EC8D5}.Release|Mixed Platforms.Build.0 = Release|x86
		{CD3EDDE0-CA14-427A-8C66-39605C5EC8D5}.Release|x86.ActiveCfg = Release|x86
		{CD3EDDE0-CA14-427A-8C66-39605C5EC8D5}.Release|x86.Build.0 = Release|x86
		{CF76D151-2EA3-4A2D-AEA3-D678633BC4EC}.Debug|Any CPU.ActiveCfg = Debug|x86
		{CF76D151-2EA3-4A2D-AEA3-D678633BC4EC}.Debug|Mixed Platforms.ActiveCfg = Debug|x86
		{CF76D151-2EA3-4A2D-AEA3-D678633BC4EC}.Debug|Mixed Platforms.Build.0 = Debug|x86
		{CF76D151-2EA3-4A2D-AEA3-D678633BC4EC}.Debug|x86.ActiveCfg = Debug|x86
		{CF76D151-2EA3-4A2D-AEA3-D678633BC4EC}.Debug|x86.Build.0 = Debug|x86
		{CF76D151-2EA3-4A2D-AEA3-D678633BC4EC}.Release|Any CPU.ActiveCfg = Release|x86
		{CF76D151-2EA3-4A2D-AEA3-D678633BC4EC}.Release|Mixed Platforms.ActiveCfg = Release|x86
		{CF76D151-2EA3-4A2D-AEA3-D678633BC4EC}.Release|Mixed Platforms.Build.0 = Release|x86
		{CF76D151-2EA3-4A2D-AEA3-D678633BC4EC}.Release|x86.ActiveCfg = Release|x86
		{CF76D151-2EA3-4A2D-AEA3-D678633BC4EC}.Release|x86.Build.0 = Release|x86
		{6BC7E58A-A5D6-49B4-A474-7E9A2B863C5A}.Debug|Any CPU.ActiveCfg = Debug|Any CPU
		{6BC7E58A-A5D6-49B4-A474-7E9A2B863C5A}.Debug|Any CPU.Build.0 = Debug|Any CPU
		{6BC7E58A-A5D6-49B4-A474-7E9A2B863C5A}.Debug|Mixed Platforms.ActiveCfg = Debug|Any CPU
		{6BC7E58A-A5D6-49B4-A474-7E9A2B863C5A}.Debug|Mixed Platforms.Build.0 = Debug|Any CPU
		{6BC7E58A-A5D6-49B4-A474-7E9A2B863C5A}.Debug|x86.ActiveCfg = Debug|Any CPU
		{6BC7E58A-A5D6-49B4-A474-7E9A2B863C5A}.Release|Any CPU.ActiveCfg = Release|Any CPU
		{6BC7E58A-A5D6-49B4-A474-7E9A2B863C5A}.Release|Any CPU.Build.0 = Release|Any CPU
		{6BC7E58A-A5D6-49B4-A474-7E9A2B863C5A}.Release|Mixed Platforms.ActiveCfg = Release|Any CPU
		{6BC7E58A-A5D6-49B4-A474-7E9A2B863C5A}.Release|Mixed Platforms.Build.0 = Release|Any CPU
		{6BC7E58A-A5D6-49B4-A474-7E9A2B863C5A}.Release|x86.ActiveCfg = Release|Any CPU
		{22944914-DADB-49DE-BAFB-D0DA34AFE346}.Debug|Any CPU.ActiveCfg = Debug|Any CPU
		{22944914-DADB-49DE-BAFB-D0DA34AFE346}.Debug|Any CPU.Build.0 = Debug|Any CPU
		{22944914-DADB-49DE-BAFB-D0DA34AFE346}.Debug|Mixed Platforms.ActiveCfg = Debug|Any CPU
		{22944914-DADB-49DE-BAFB-D0DA34AFE346}.Debug|Mixed Platforms.Build.0 = Debug|Any CPU
		{22944914-DADB-49DE-BAFB-D0DA34AFE346}.Debug|x86.ActiveCfg = Debug|Any CPU
		{22944914-DADB-49DE-BAFB-D0DA34AFE346}.Release|Any CPU.ActiveCfg = Release|Any CPU
		{22944914-DADB-49DE-BAFB-D0DA34AFE346}.Release|Any CPU.Build.0 = Release|Any CPU
		{22944914-DADB-49DE-BAFB-D0DA34AFE346}.Release|Mixed Platforms.ActiveCfg = Release|Any CPU
		{22944914-DADB-49DE-BAFB-D0DA34AFE346}.Release|Mixed Platforms.Build.0 = Release|Any CPU
		{22944914-DADB-49DE-BAFB-D0DA34AFE346}.Release|x86.ActiveCfg = Release|Any CPU
		{A8FB5523-0CBF-4354-9BB7-4648382304EF}.Debug|Any CPU.ActiveCfg = Debug|Any CPU
		{A8FB5523-0CBF-4354-9BB7-4648382304EF}.Debug|Any CPU.Build.0 = Debug|Any CPU
		{A8FB5523-0CBF-4354-9BB7-4648382304EF}.Debug|Mixed Platforms.ActiveCfg = Debug|Any CPU
		{A8FB5523-0CBF-4354-9BB7-4648382304EF}.Debug|Mixed Platforms.Build.0 = Debug|Any CPU
		{A8FB5523-0CBF-4354-9BB7-4648382304EF}.Debug|x86.ActiveCfg = Debug|Any CPU
		{A8FB5523-0CBF-4354-9BB7-4648382304EF}.Release|Any CPU.ActiveCfg = Release|Any CPU
		{A8FB5523-0CBF-4354-9BB7-4648382304EF}.Release|Any CPU.Build.0 = Release|Any CPU
		{A8FB5523-0CBF-4354-9BB7-4648382304EF}.Release|Mixed Platforms.ActiveCfg = Release|Any CPU
		{A8FB5523-0CBF-4354-9BB7-4648382304EF}.Release|Mixed Platforms.Build.0 = Release|Any CPU
		{A8FB5523-0CBF-4354-9BB7-4648382304EF}.Release|x86.ActiveCfg = Release|Any CPU
		{19FBD37D-E9B3-42AC-B04E-A827D94F7694}.Debug|Any CPU.ActiveCfg = Debug|x86
		{19FBD37D-E9B3-42AC-B04E-A827D94F7694}.Debug|Mixed Platforms.ActiveCfg = Debug|x86
		{19FBD37D-E9B3-42AC-B04E-A827D94F7694}.Debug|Mixed Platforms.Build.0 = Debug|x86
		{19FBD37D-E9B3-42AC-B04E-A827D94F7694}.Debug|x86.ActiveCfg = Debug|x86
		{19FBD37D-E9B3-42AC-B04E-A827D94F7694}.Debug|x86.Build.0 = Debug|x86
		{19FBD37D-E9B3-42AC-B04E-A827D94F7694}.Release|Any CPU.ActiveCfg = Release|x86
		{19FBD37D-E9B3-42AC-B04E-A827D94F7694}.Release|Mixed Platforms.ActiveCfg = Release|x86
		{19FBD37D-E9B3-42AC-B04E-A827D94F7694}.Release|Mixed Platforms.Build.0 = Release|x86
		{19FBD37D-E9B3-42AC-B04E-A827D94F7694}.Release|x86.ActiveCfg = Release|x86
		{19FBD37D-E9B3-42AC-B04E-A827D94F7694}.Release|x86.Build.0 = Release|x86
		{A07340F9-A59C-441F-AA85-4530E6D830AE}.Debug|Any CPU.ActiveCfg = Debug|Any CPU
		{A07340F9-A59C-441F-AA85-4530E6D830AE}.Debug|Any CPU.Build.0 = Debug|Any CPU
		{A07340F9-A59C-441F-AA85-4530E6D830AE}.Debug|Mixed Platforms.ActiveCfg = Debug|Any CPU
		{A07340F9-A59C-441F-AA85-4530E6D830AE}.Debug|Mixed Platforms.Build.0 = Debug|Any CPU
		{A07340F9-A59C-441F-AA85-4530E6D830AE}.Debug|x86.ActiveCfg = Debug|Any CPU
		{A07340F9-A59C-441F-AA85-4530E6D830AE}.Release|Any CPU.ActiveCfg = Release|Any CPU
		{A07340F9-A59C-441F-AA85-4530E6D830AE}.Release|Any CPU.Build.0 = Release|Any CPU
		{A07340F9-A59C-441F-AA85-4530E6D830AE}.Release|Mixed Platforms.ActiveCfg = Release|Any CPU
		{A07340F9-A59C-441F-AA85-4530E6D830AE}.Release|Mixed Platforms.Build.0 = Release|Any CPU
		{A07340F9-A59C-441F-AA85-4530E6D830AE}.Release|x86.ActiveCfg = Release|Any CPU
		{AB66735D-157A-4E5F-B5B9-63C14937C340}.Debug|Any CPU.ActiveCfg = Debug|Any CPU
		{AB66735D-157A-4E5F-B5B9-63C14937C340}.Debug|Any CPU.Build.0 = Debug|Any CPU
		{AB66735D-157A-4E5F-B5B9-63C14937C340}.Debug|Mixed Platforms.ActiveCfg = Debug|Any CPU
		{AB66735D-157A-4E5F-B5B9-63C14937C340}.Debug|Mixed Platforms.Build.0 = Debug|Any CPU
		{AB66735D-157A-4E5F-B5B9-63C14937C340}.Debug|x86.ActiveCfg = Debug|Any CPU
		{AB66735D-157A-4E5F-B5B9-63C14937C340}.Release|Any CPU.ActiveCfg = Release|Any CPU
		{AB66735D-157A-4E5F-B5B9-63C14937C340}.Release|Any CPU.Build.0 = Release|Any CPU
		{AB66735D-157A-4E5F-B5B9-63C14937C340}.Release|Mixed Platforms.ActiveCfg = Release|Any CPU
		{AB66735D-157A-4E5F-B5B9-63C14937C340}.Release|Mixed Platforms.Build.0 = Release|Any CPU
		{AB66735D-157A-4E5F-B5B9-63C14937C340}.Release|x86.ActiveCfg = Release|Any CPU
		{026249A8-3E37-45EB-8BDF-BD2502A50C7F}.Debug|Any CPU.ActiveCfg = Debug|Any CPU
		{026249A8-3E37-45EB-8BDF-BD2502A50C7F}.Debug|Any CPU.Build.0 = Debug|Any CPU
		{026249A8-3E37-45EB-8BDF-BD2502A50C7F}.Debug|Mixed Platforms.ActiveCfg = Debug|Any CPU
		{026249A8-3E37-45EB-8BDF-BD2502A50C7F}.Debug|Mixed Platforms.Build.0 = Debug|Any CPU
		{026249A8-3E37-45EB-8BDF-BD2502A50C7F}.Debug|x86.ActiveCfg = Debug|Any CPU
		{026249A8-3E37-45EB-8BDF-BD2502A50C7F}.Release|Any CPU.ActiveCfg = Release|Any CPU
		{026249A8-3E37-45EB-8BDF-BD2502A50C7F}.Release|Any CPU.Build.0 = Release|Any CPU
		{026249A8-3E37-45EB-8BDF-BD2502A50C7F}.Release|Mixed Platforms.ActiveCfg = Release|Any CPU
		{026249A8-3E37-45EB-8BDF-BD2502A50C7F}.Release|Mixed Platforms.Build.0 = Release|Any CPU
		{026249A8-3E37-45EB-8BDF-BD2502A50C7F}.Release|x86.ActiveCfg = Release|Any CPU
		{60BCD395-0A26-406A-862A-615457CBFD8F}.Debug|Any CPU.ActiveCfg = Debug|Any CPU
		{60BCD395-0A26-406A-862A-615457CBFD8F}.Debug|Any CPU.Build.0 = Debug|Any CPU
		{60BCD395-0A26-406A-862A-615457CBFD8F}.Debug|Mixed Platforms.ActiveCfg = Debug|Any CPU
		{60BCD395-0A26-406A-862A-615457CBFD8F}.Debug|Mixed Platforms.Build.0 = Debug|Any CPU
		{60BCD395-0A26-406A-862A-615457CBFD8F}.Debug|x86.ActiveCfg = Debug|Any CPU
		{60BCD395-0A26-406A-862A-615457CBFD8F}.Release|Any CPU.ActiveCfg = Release|Any CPU
		{60BCD395-0A26-406A-862A-615457CBFD8F}.Release|Any CPU.Build.0 = Release|Any CPU
		{60BCD395-0A26-406A-862A-615457CBFD8F}.Release|Mixed Platforms.ActiveCfg = Release|Any CPU
		{60BCD395-0A26-406A-862A-615457CBFD8F}.Release|Mixed Platforms.Build.0 = Release|Any CPU
		{60BCD395-0A26-406A-862A-615457CBFD8F}.Release|x86.ActiveCfg = Release|Any CPU
		{8FEB70E7-4CA1-4FBF-AB36-FFF33610CA24}.Debug|Any CPU.ActiveCfg = Debug|Any CPU
		{8FEB70E7-4CA1-4FBF-AB36-FFF33610CA24}.Debug|Any CPU.Build.0 = Debug|Any CPU
		{8FEB70E7-4CA1-4FBF-AB36-FFF33610CA24}.Debug|Mixed Platforms.ActiveCfg = Debug|Any CPU
		{8FEB70E7-4CA1-4FBF-AB36-FFF33610CA24}.Debug|Mixed Platforms.Build.0 = Debug|Any CPU
		{8FEB70E7-4CA1-4FBF-AB36-FFF33610CA24}.Debug|x86.ActiveCfg = Debug|Any CPU
		{8FEB70E7-4CA1-4FBF-AB36-FFF33610CA24}.Release|Any CPU.ActiveCfg = Release|Any CPU
		{8FEB70E7-4CA1-4FBF-AB36-FFF33610CA24}.Release|Any CPU.Build.0 = Release|Any CPU
		{8FEB70E7-4CA1-4FBF-AB36-FFF33610CA24}.Release|Mixed Platforms.ActiveCfg = Release|Any CPU
		{8FEB70E7-4CA1-4FBF-AB36-FFF33610CA24}.Release|Mixed Platforms.Build.0 = Release|Any CPU
		{8FEB70E7-4CA1-4FBF-AB36-FFF33610CA24}.Release|x86.ActiveCfg = Release|Any CPU
		{089A11AB-5ADE-4328-A0F6-3AFAB68BB3E6}.Debug|Any CPU.ActiveCfg = Debug|Any CPU
		{089A11AB-5ADE-4328-A0F6-3AFAB68BB3E6}.Debug|Any CPU.Build.0 = Debug|Any CPU
		{089A11AB-5ADE-4328-A0F6-3AFAB68BB3E6}.Debug|Mixed Platforms.ActiveCfg = Debug|Any CPU
		{089A11AB-5ADE-4328-A0F6-3AFAB68BB3E6}.Debug|Mixed Platforms.Build.0 = Debug|Any CPU
		{089A11AB-5ADE-4328-A0F6-3AFAB68BB3E6}.Debug|x86.ActiveCfg = Debug|Any CPU
		{089A11AB-5ADE-4328-A0F6-3AFAB68BB3E6}.Release|Any CPU.ActiveCfg = Release|Any CPU
		{089A11AB-5ADE-4328-A0F6-3AFAB68BB3E6}.Release|Any CPU.Build.0 = Release|Any CPU
		{089A11AB-5ADE-4328-A0F6-3AFAB68BB3E6}.Release|Mixed Platforms.ActiveCfg = Release|Any CPU
		{089A11AB-5ADE-4328-A0F6-3AFAB68BB3E6}.Release|Mixed Platforms.Build.0 = Release|Any CPU
		{089A11AB-5ADE-4328-A0F6-3AFAB68BB3E6}.Release|x86.ActiveCfg = Release|Any CPU
		{3211076F-3199-49A9-A538-AFD38CB5C373}.Debug|Any CPU.ActiveCfg = Debug|Any CPU
		{3211076F-3199-49A9-A538-AFD38CB5C373}.Debug|Any CPU.Build.0 = Debug|Any CPU
		{3211076F-3199-49A9-A538-AFD38CB5C373}.Debug|Mixed Platforms.ActiveCfg = Debug|Any CPU
		{3211076F-3199-49A9-A538-AFD38CB5C373}.Debug|Mixed Platforms.Build.0 = Debug|Any CPU
		{3211076F-3199-49A9-A538-AFD38CB5C373}.Debug|x86.ActiveCfg = Debug|Any CPU
		{3211076F-3199-49A9-A538-AFD38CB5C373}.Release|Any CPU.ActiveCfg = Release|Any CPU
		{3211076F-3199-49A9-A538-AFD38CB5C373}.Release|Any CPU.Build.0 = Release|Any CPU
		{3211076F-3199-49A9-A538-AFD38CB5C373}.Release|Mixed Platforms.ActiveCfg = Release|Any CPU
		{3211076F-3199-49A9-A538-AFD38CB5C373}.Release|Mixed Platforms.Build.0 = Release|Any CPU
		{3211076F-3199-49A9-A538-AFD38CB5C373}.Release|x86.ActiveCfg = Release|Any CPU
	EndGlobalSection
	GlobalSection(SolutionProperties) = preSolution
		HideSolutionNode = FALSE
	EndGlobalSection
	GlobalSection(NestedProjects) = preSolution
		{3B83EE94-61FF-4DD2-A2DB-CACEB37DD97A} = {7C3AEB62-3EAA-4D21-8077-B67BF434F808}
		{6AFEA501-7402-47C4-805D-060448961C78} = {7C3AEB62-3EAA-4D21-8077-B67BF434F808}
		{E076421D-5869-4FEE-9D3E-9467AE9524B6} = {7C3AEB62-3EAA-4D21-8077-B67BF434F808}
		{C9C67F3A-5286-44E3-9C4A-00FA405C5D4B} = {7C3AEB62-3EAA-4D21-8077-B67BF434F808}
		{214B2182-A8B7-42F0-8973-D62E8E677B7B} = {7C3AEB62-3EAA-4D21-8077-B67BF434F808}
		{BA5113A3-EA25-4BA3-96E1-7FB10D9201F0} = {7C3AEB62-3EAA-4D21-8077-B67BF434F808}
		{C2FF39B5-6B7C-4FDB-B587-995D79E41D0C} = {7C3AEB62-3EAA-4D21-8077-B67BF434F808}
		{1241B377-8BA7-4AE1-B6CD-66766348B521} = {7C3AEB62-3EAA-4D21-8077-B67BF434F808}
		{74DA1086-903C-4CDC-B506-AB6E9FB8D8F9} = {7C3AEB62-3EAA-4D21-8077-B67BF434F808}
		{73BC2B73-4133-4FDD-8ABF-9895791BC185} = {7C3AEB62-3EAA-4D21-8077-B67BF434F808}
		{BC7BE5F7-7F2A-40AB-81B3-5C771D5A9970} = {7C3AEB62-3EAA-4D21-8077-B67BF434F808}
		{1A9BBB8C-7B84-46CB-B6EC-CAACD1CABE65} = {7C3AEB62-3EAA-4D21-8077-B67BF434F808}
		{A1C879B6-5EA2-473E-B5E0-99E2F4E5E3D0} = {7C3AEB62-3EAA-4D21-8077-B67BF434F808}
		{E0E752D9-A1E4-4848-83EB-FB36F32C2456} = {7C3AEB62-3EAA-4D21-8077-B67BF434F808}
		{B3CF90F5-CA9C-44EF-9A56-39DD40E1FB59} = {7C3AEB62-3EAA-4D21-8077-B67BF434F808}
		{978DF927-ADB8-4088-9514-66DF51AA2088} = {7C3AEB62-3EAA-4D21-8077-B67BF434F808}
		{02D45625-0383-4480-B4BC-05DDE4F3825D} = {7C3AEB62-3EAA-4D21-8077-B67BF434F808}
		{7B1D1E85-7F7B-47A8-8D5D-47BA75B29A97} = {7C3AEB62-3EAA-4D21-8077-B67BF434F808}
		{95CDC6DB-FF23-4262-8447-3CFE6B4C7188} = {7C3AEB62-3EAA-4D21-8077-B67BF434F808}
		{EF0B4258-89E8-423F-A38D-C1E8AF9FD5C3} = {7C3AEB62-3EAA-4D21-8077-B67BF434F808}
		{54027CA3-96F1-42BA-82E2-71D6755B7575} = {7C3AEB62-3EAA-4D21-8077-B67BF434F808}
		{9DDCBC86-F70D-47EC-95AF-F12BB7F1E143} = {7C3AEB62-3EAA-4D21-8077-B67BF434F808}
		{90113148-D77E-432F-BEFF-D8F8B948679F} = {A213C457-EE93-45EC-95FF-4646A56A2CFA}
		{1713B84C-8279-4E5C-B90B-DEE51ACAECB8} = {A213C457-EE93-45EC-95FF-4646A56A2CFA}
		{9C2FC5CE-FB5E-4E5D-ABFA-8A6FBE66E4A9} = {A213C457-EE93-45EC-95FF-4646A56A2CFA}
		{3CDA8FD0-A56C-465F-B4EA-5EF5427FCCC9} = {A213C457-EE93-45EC-95FF-4646A56A2CFA}
		{A0F7DCC8-A589-4FBB-93A1-DAB6F4FC2DAD} = {A213C457-EE93-45EC-95FF-4646A56A2CFA}
		{6BC7E58A-A5D6-49B4-A474-7E9A2B863C5A} = {A213C457-EE93-45EC-95FF-4646A56A2CFA}
		{93B458E0-E21C-4451-84D6-DDBAF844FAB2} = {A213C457-EE93-45EC-95FF-4646A56A2CFA}
		{19FBD37D-E9B3-42AC-B04E-A827D94F7694} = {A213C457-EE93-45EC-95FF-4646A56A2CFA}
		{D3CDB111-6D27-4A6A-82B6-5304E2D4FC4E} = {A213C457-EE93-45EC-95FF-4646A56A2CFA}
		{9EFE6CBD-DF21-436E-9F81-E258BAB0B653} = {A0F7DCC8-A589-4FBB-93A1-DAB6F4FC2DAD}
		{6E02EC73-FBF0-4818-A6A1-8CD46C712161} = {A0F7DCC8-A589-4FBB-93A1-DAB6F4FC2DAD}
		{D156C5E9-3879-45DC-8F4B-CC71AD3AED6B} = {A0F7DCC8-A589-4FBB-93A1-DAB6F4FC2DAD}
		{EDDA3935-C8BD-41CE-AB74-5E8A761A3EEA} = {A0F7DCC8-A589-4FBB-93A1-DAB6F4FC2DAD}
		{F2D2A70B-344C-422D-8089-0759C21FDDCF} = {A0F7DCC8-A589-4FBB-93A1-DAB6F4FC2DAD}
		{CD3EDDE0-CA14-427A-8C66-39605C5EC8D5} = {A0F7DCC8-A589-4FBB-93A1-DAB6F4FC2DAD}
		{CF76D151-2EA3-4A2D-AEA3-D678633BC4EC} = {A0F7DCC8-A589-4FBB-93A1-DAB6F4FC2DAD}
		{22944914-DADB-49DE-BAFB-D0DA34AFE346} = {93B458E0-E21C-4451-84D6-DDBAF844FAB2}
		{A8FB5523-0CBF-4354-9BB7-4648382304EF} = {93B458E0-E21C-4451-84D6-DDBAF844FAB2}
		{A07340F9-A59C-441F-AA85-4530E6D830AE} = {D3CDB111-6D27-4A6A-82B6-5304E2D4FC4E}
		{505E08FF-1D28-438A-B14F-0A1D3873E667} = {9DDCBC86-F70D-47EC-95AF-F12BB7F1E143}
		{32F090D8-603F-498E-A699-525C5E583852} = {9DDCBC86-F70D-47EC-95AF-F12BB7F1E143}
		{282ECE53-1A4A-444E-810A-916F00CED5CC} = {9DDCBC86-F70D-47EC-95AF-F12BB7F1E143}
		{026249A8-3E37-45EB-8BDF-BD2502A50C7F} = {505E08FF-1D28-438A-B14F-0A1D3873E667}
		{AB66735D-157A-4E5F-B5B9-63C14937C340} = {505E08FF-1D28-438A-B14F-0A1D3873E667}
		{60BCD395-0A26-406A-862A-615457CBFD8F} = {32F090D8-603F-498E-A699-525C5E583852}
		{8FEB70E7-4CA1-4FBF-AB36-FFF33610CA24} = {32F090D8-603F-498E-A699-525C5E583852}
		{089A11AB-5ADE-4328-A0F6-3AFAB68BB3E6} = {32F090D8-603F-498E-A699-525C5E583852}
		{3211076F-3199-49A9-A538-AFD38CB5C373} = {282ECE53-1A4A-444E-810A-916F00CED5CC}
	EndGlobalSection
EndGlobal
